
Microsoft Visual Studio Solution File, Format Version 12.00
# Visual Studio Version 16
VisualStudioVersion = 16.0.28809.33
MinimumVisualStudioVersion = 10.0.40219.1
Project("{9A19103F-16F7-4668-BE54-9A1E7A4F7556}") = "Ci.Result", "Ci.Result\Ci.Result.csproj", "{45A0C850-0561-4C99-A1B7-94A977D4AC69}"
EndProject
Global
	GlobalSection(SolutionConfigurationPlatforms) = preSolution
		Debug|Any CPU = Debug|Any CPU
		Release|Any CPU = Release|Any CPU
	EndGlobalSection
	GlobalSection(ProjectConfigurationPlatforms) = postSolution
		{45A0C850-0561-4C99-A1B7-94A977D4AC69}.Debug|Any CPU.ActiveCfg = Debug|Any CPU
		{45A0C850-0561-4C99-A1B7-94A977D4AC69}.Debug|Any CPU.Build.0 = Debug|Any CPU
		{45A0C850-0561-4C99-A1B7-94A977D4AC69}.Release|Any CPU.ActiveCfg = Release|Any CPU
		{45A0C850-0561-4C99-A1B7-94A977D4AC69}.Release|Any CPU.Build.0 = Release|Any CPU
	EndGlobalSection
	GlobalSection(SolutionProperties) = preSolution
		HideSolutionNode = FALSE
	EndGlobalSection
	GlobalSection(ExtensibilityGlobals) = postSolution
		SolutionGuid = {5340551B-27A3-4D34-82FA-97FA388FDF22}
	EndGlobalSection
EndGlobal
